
Microsoft Visual Studio Solution File, Format Version 12.00
# Visual Studio Version 17
VisualStudioVersion = 17.9.34723.18
MinimumVisualStudioVersion = 10.0.40219.1
Project("{FAE04EC0-301F-11D3-BF4B-00C04F79EFBC}") = "CNPJConsultation", "CNPJConsultation\CNPJConsultation.csproj", "{0E929ABB-61A1-4640-B0F6-1F0054C06421}"
EndProject
Global
	GlobalSection(SolutionConfigurationPlatforms) = preSolution
		Debug|Any CPU = Debug|Any CPU
		Release|Any CPU = Release|Any CPU
	EndGlobalSection
	GlobalSection(ProjectConfigurationPlatforms) = postSolution
		{0E929ABB-61A1-4640-B0F6-1F0054C06421}.Debug|Any CPU.ActiveCfg = Debug|Any CPU
		{0E929ABB-61A1-4640-B0F6-1F0054C06421}.Debug|Any CPU.Build.0 = Debug|Any CPU
		{0E929ABB-61A1-4640-B0F6-1F0054C06421}.Release|Any CPU.ActiveCfg = Release|Any CPU
		{0E929ABB-61A1-4640-B0F6-1F0054C06421}.Release|Any CPU.Build.0 = Release|Any CPU
	EndGlobalSection
	GlobalSection(SolutionProperties) = preSolution
		HideSolutionNode = FALSE
	EndGlobalSection
	GlobalSection(ExtensibilityGlobals) = postSolution
		SolutionGuid = {04E4F98E-3A04-4F70-AFCD-9E62B0F15725}
	EndGlobalSection
EndGlobal
